
Microsoft Visual Studio Solution File, Format Version 12.00
# Visual Studio Version 17
VisualStudioVersion = 17.12.35514.174
MinimumVisualStudioVersion = 10.0.40219.1
Project("{FAE04EC0-301F-11D3-BF4B-00C04F79EFBC}") = "Ex_01", "Ex_01\Ex_01.csproj", "{A97E2C2A-D434-4730-B955-C1D60562EC3A}"
EndProject
Project("{FAE04EC0-301F-11D3-BF4B-00C04F79EFBC}") = "Ex_02", "Ex_02\Ex_02.csproj", "{A974265C-6183-4E35-A8CC-90AE522F39EB}"
EndProject
Project("{FAE04EC0-301F-11D3-BF4B-00C04F79EFBC}") = "Ex_03", "Ex_03\Ex_03.csproj", "{C397D605-6B2C-4932-AD8B-448A5593B067}"
EndProject
Project("{FAE04EC0-301F-11D3-BF4B-00C04F79EFBC}") = "Ex_04", "Ex_04\Ex_04.csproj", "{0711DDF0-3B2B-4BDC-9D30-BBAFF56F0022}"
EndProject
Project("{FAE04EC0-301F-11D3-BF4B-00C04F79EFBC}") = "Ex_05", "Ex_05\Ex_05.csproj", "{FC2A327A-C800-47C4-BFFB-63FD54AAF076}"
EndProject
Project("{FAE04EC0-301F-11D3-BF4B-00C04F79EFBC}") = "Ex_06", "Ex_06\Ex_06.csproj", "{FD0ADBC5-ACF8-4F14-90CB-B584FEF3A2CF}"
EndProject
Project("{FAE04EC0-301F-11D3-BF4B-00C04F79EFBC}") = "Ex_07", "Ex_07\Ex_07.csproj", "{272793D1-5D19-4CFD-BED9-E57B77C7F9E2}"
EndProject
Project("{FAE04EC0-301F-11D3-BF4B-00C04F79EFBC}") = "Ex_08", "Ex_08\Ex_08.csproj", "{7E496846-6163-4914-88A2-CC1A16DA3FEA}"
EndProject
Project("{FAE04EC0-301F-11D3-BF4B-00C04F79EFBC}") = "Ex_09", "Ex_09\Ex_09.csproj", "{A485C976-841E-4AE9-B67C-89B1D47E127F}"
EndProject
Project("{FAE04EC0-301F-11D3-BF4B-00C04F79EFBC}") = "Ex_10", "Ex_10\Ex_10.csproj", "{5C2A9316-2F92-471B-BFEE-E2077B2D6B4E}"
EndProject
Global
	GlobalSection(SolutionConfigurationPlatforms) = preSolution
		Debug|Any CPU = Debug|Any CPU
		Release|Any CPU = Release|Any CPU
	EndGlobalSection
	GlobalSection(ProjectConfigurationPlatforms) = postSolution
		{A97E2C2A-D434-4730-B955-C1D60562EC3A}.Debug|Any CPU.ActiveCfg = Debug|Any CPU
		{A97E2C2A-D434-4730-B955-C1D60562EC3A}.Debug|Any CPU.Build.0 = Debug|Any CPU
		{A97E2C2A-D434-4730-B955-C1D60562EC3A}.Release|Any CPU.ActiveCfg = Release|Any CPU
		{A97E2C2A-D434-4730-B955-C1D60562EC3A}.Release|Any CPU.Build.0 = Release|Any CPU
		{A974265C-6183-4E35-A8CC-90AE522F39EB}.Debug|Any CPU.ActiveCfg = Debug|Any CPU
		{A974265C-6183-4E35-A8CC-90AE522F39EB}.Debug|Any CPU.Build.0 = Debug|Any CPU
		{A974265C-6183-4E35-A8CC-90AE522F39EB}.Release|Any CPU.ActiveCfg = Release|Any CPU
		{A974265C-6183-4E35-A8CC-90AE522F39EB}.Release|Any CPU.Build.0 = Release|Any CPU
		{C397D605-6B2C-4932-AD8B-448A5593B067}.Debug|Any CPU.ActiveCfg = Debug|Any CPU
		{C397D605-6B2C-4932-AD8B-448A5593B067}.Debug|Any CPU.Build.0 = Debug|Any CPU
		{C397D605-6B2C-4932-AD8B-448A5593B067}.Release|Any CPU.ActiveCfg = Release|Any CPU
		{C397D605-6B2C-4932-AD8B-448A5593B067}.Release|Any CPU.Build.0 = Release|Any CPU
		{0711DDF0-3B2B-4BDC-9D30-BBAFF56F0022}.Debug|Any CPU.ActiveCfg = Debug|Any CPU
		{0711DDF0-3B2B-4BDC-9D30-BBAFF56F0022}.Debug|Any CPU.Build.0 = Debug|Any CPU
		{0711DDF0-3B2B-4BDC-9D30-BBAFF56F0022}.Release|Any CPU.ActiveCfg = Release|Any CPU
		{0711DDF0-3B2B-4BDC-9D30-BBAFF56F0022}.Release|Any CPU.Build.0 = Release|Any CPU
		{FC2A327A-C800-47C4-BFFB-63FD54AAF076}.Debug|Any CPU.ActiveCfg = Debug|Any CPU
		{FC2A327A-C800-47C4-BFFB-63FD54AAF076}.Debug|Any CPU.Build.0 = Debug|Any CPU
		{FC2A327A-C800-47C4-BFFB-63FD54AAF076}.Release|Any CPU.ActiveCfg = Release|Any CPU
		{FC2A327A-C800-47C4-BFFB-63FD54AAF076}.Release|Any CPU.Build.0 = Release|Any CPU
		{FD0ADBC5-ACF8-4F14-90CB-B584FEF3A2CF}.Debug|Any CPU.ActiveCfg = Debug|Any CPU
		{FD0ADBC5-ACF8-4F14-90CB-B584FEF3A2CF}.Debug|Any CPU.Build.0 = Debug|Any CPU
		{FD0ADBC5-ACF8-4F14-90CB-B584FEF3A2CF}.Release|Any CPU.ActiveCfg = Release|Any CPU
		{FD0ADBC5-ACF8-4F14-90CB-B584FEF3A2CF}.Release|Any CPU.Build.0 = Release|Any CPU
		{272793D1-5D19-4CFD-BED9-E57B77C7F9E2}.Debug|Any CPU.ActiveCfg = Debug|Any CPU
		{272793D1-5D19-4CFD-BED9-E57B77C7F9E2}.Debug|Any CPU.Build.0 = Debug|Any CPU
		{272793D1-5D19-4CFD-BED9-E57B77C7F9E2}.Release|Any CPU.ActiveCfg = Release|Any CPU
		{272793D1-5D19-4CFD-BED9-E57B77C7F9E2}.Release|Any CPU.Build.0 = Release|Any CPU
		{7E496846-6163-4914-88A2-CC1A16DA3FEA}.Debug|Any CPU.ActiveCfg = Debug|Any CPU
		{7E496846-6163-4914-88A2-CC1A16DA3FEA}.Debug|Any CPU.Build.0 = Debug|Any CPU
		{7E496846-6163-4914-88A2-CC1A16DA3FEA}.Release|Any CPU.ActiveCfg = Release|Any CPU
		{7E496846-6163-4914-88A2-CC1A16DA3FEA}.Release|Any CPU.Build.0 = Release|Any CPU
		{A485C976-841E-4AE9-B67C-89B1D47E127F}.Debug|Any CPU.ActiveCfg = Debug|Any CPU
		{A485C976-841E-4AE9-B67C-89B1D47E127F}.Debug|Any CPU.Build.0 = Debug|Any CPU
		{A485C976-841E-4AE9-B67C-89B1D47E127F}.Release|Any CPU.ActiveCfg = Release|Any CPU
		{A485C976-841E-4AE9-B67C-89B1D47E127F}.Release|Any CPU.Build.0 = Release|Any CPU
		{5C2A9316-2F92-471B-BFEE-E2077B2D6B4E}.Debug|Any CPU.ActiveCfg = Debug|Any CPU
		{5C2A9316-2F92-471B-BFEE-E2077B2D6B4E}.Debug|Any CPU.Build.0 = Debug|Any CPU
		{5C2A9316-2F92-471B-BFEE-E2077B2D6B4E}.Release|Any CPU.ActiveCfg = Release|Any CPU
		{5C2A9316-2F92-471B-BFEE-E2077B2D6B4E}.Release|Any CPU.Build.0 = Release|Any CPU
	EndGlobalSection
	GlobalSection(SolutionProperties) = preSolution
		HideSolutionNode = FALSE
	EndGlobalSection
EndGlobal
