
Microsoft Visual Studio Solution File, Format Version 12.00
# Visual Studio Version 17
VisualStudioVersion = 17.12.35514.174
MinimumVisualStudioVersion = 10.0.40219.1
Project("{FAE04EC0-301F-11D3-BF4B-00C04F79EFBC}") = "Ex_01", "Ex_01\Ex_01.csproj", "{45846200-1A65-48A3-909A-157A076939F4}"
EndProject
Project("{FAE04EC0-301F-11D3-BF4B-00C04F79EFBC}") = "Ex_02", "Ex_02\Ex_02.csproj", "{0A87E8E3-05BC-40A5-9DE0-492C029ECBDA}"
EndProject
Global
	GlobalSection(SolutionConfigurationPlatforms) = preSolution
		Debug|Any CPU = Debug|Any CPU
		Release|Any CPU = Release|Any CPU
	EndGlobalSection
	GlobalSection(ProjectConfigurationPlatforms) = postSolution
		{45846200-1A65-48A3-909A-157A076939F4}.Debug|Any CPU.ActiveCfg = Debug|Any CPU
		{45846200-1A65-48A3-909A-157A076939F4}.Debug|Any CPU.Build.0 = Debug|Any CPU
		{45846200-1A65-48A3-909A-157A076939F4}.Release|Any CPU.ActiveCfg = Release|Any CPU
		{45846200-1A65-48A3-909A-157A076939F4}.Release|Any CPU.Build.0 = Release|Any CPU
		{0A87E8E3-05BC-40A5-9DE0-492C029ECBDA}.Debug|Any CPU.ActiveCfg = Debug|Any CPU
		{0A87E8E3-05BC-40A5-9DE0-492C029ECBDA}.Debug|Any CPU.Build.0 = Debug|Any CPU
		{0A87E8E3-05BC-40A5-9DE0-492C029ECBDA}.Release|Any CPU.ActiveCfg = Release|Any CPU
		{0A87E8E3-05BC-40A5-9DE0-492C029ECBDA}.Release|Any CPU.Build.0 = Release|Any CPU
	EndGlobalSection
	GlobalSection(SolutionProperties) = preSolution
		HideSolutionNode = FALSE
	EndGlobalSection
EndGlobal
